{
  "name": "Transfer-Classroom-notifications-to-LINE",
  "version": "1.0.0",
  "lockfileVersion": 1,
  "requires": true,
  "dependencies": {
    "@types/google-apps-script": {
      "version": "1.0.41",
      "resolved": "https://registry.npmjs.org/@types/google-apps-script/-/google-apps-script-1.0.41.tgz",
      "integrity": "sha512-Lv8Tila1iNUynITT0H4lR59fcdkZ1JOPQiuthaOoG/agAbWYkZLeaR6yLIeRydFQ2bQqVgOrAXlmu8Ut8uUcOA==",
      "dev": true
    }
  }
}
